{
    "name": "app",
    "version": "0.2.0",
    "lockfileVersion": 2,
    "requires": true,
    "packages": {
        "": {
            "name": "app",
            "version": "0.2.0",
            "license": "MIT",
            "devDependencies": {
                "@turf/circle": "^6.0.1",
                "@turf/distance": "^6.0.1",
                "@turf/line-distance": "^4.7.3",
                "leaflet": "^1.3.1",
                "leaflet-geosearch": "^2.7.0",
                "lil-gui": "^0.16.1",
                "oo-gui": "0.1.0"
            }
        },
        "node_modules/@turf/circle": {
            "version": "6.0.1",
            "resolved": "https://registry.npmjs.org/@turf/circle/-/circle-6.0.1.tgz",
            "integrity": "sha512-pF9XsYtCvY9ZyNqJ3hFYem9VaiGdVNQb0SFq/zzDMwH3iWZPPJQHnnDB/3e8RD1VDtBBov9p5uO2k7otsfezjw==",
            "dev": true,
            "dependencies": {
                "@turf/destination": "6.x",
                "@turf/helpers": "6.x"
            }
        },
        "node_modules/@turf/destination": {
            "version": "6.0.1",
            "resolved": "https://registry.npmjs.org/@turf/destination/-/destination-6.0.1.tgz",
            "integrity": "sha512-MroK4nRdp7as174miCAugp8Uvorhe6rZ7MJiC9Hb4+hZR7gNFJyVKmkdDDXIoCYs6MJQsx0buI+gsCpKwgww0Q==",
            "dev": true,
            "dependencies": {
                "@turf/helpers": "6.x",
                "@turf/invariant": "6.x"
            }
        },
        "node_modules/@turf/distance": {
            "version": "6.0.1",
            "resolved": "https://registry.npmjs.org/@turf/distance/-/distance-6.0.1.tgz",
            "integrity": "sha512-q7t7rWIWfkg7MP1Vt4uLjSEhe5rPfCO2JjpKmk7JC+QZKEQkuvHEqy3ejW1iC7Kw5ZcZNR3qdMGGz+6HnVwqvg==",
            "dev": true,
            "dependencies": {
                "@turf/helpers": "6.x",
                "@turf/invariant": "6.x"
            }
        },
        "node_modules/@turf/helpers": {
            "version": "6.1.4",
            "resolved": "https://registry.npmjs.org/@turf/helpers/-/helpers-6.1.4.tgz",
            "integrity": "sha512-vJvrdOZy1ngC7r3MDA7zIGSoIgyrkWcGnNIEaqn/APmw+bVLF2gAW7HIsdTxd12s5wQMqEpqIQrmrbRRZ0xC7g==",
            "dev": true
        },
        "node_modules/@turf/invariant": {
            "version": "6.1.2",
            "resolved": "https://registry.npmjs.org/@turf/invariant/-/invariant-6.1.2.tgz",
            "integrity": "sha512-WU08Ph8j0J2jVGlQCKChXoCtI50BB3yEH21V++V0T4cR1T27HKCxkehV2sYMwTierfMBgjwSwDIsxnR4/2mWXg==",
            "dev": true,
            "dependencies": {
                "@turf/helpers": "6.x"
            }
        },
        "node_modules/@turf/line-distance": {
            "version": "4.7.3",
            "resolved": "https://registry.npmjs.org/@turf/line-distance/-/line-distance-4.7.3.tgz",
            "integrity": "sha1-AKMwAOCI7l46jZK3uWuzMq83MAY=",
            "deprecated": "Module deprecated in favor of @turf/length",
            "dev": true,
            "dependencies": {
                "@turf/distance": "^4.7.3",
                "@turf/helpers": "^4.7.3",
                "@turf/meta": "^4.7.3"
            }
        },
        "node_modules/@turf/line-distance/node_modules/@turf/distance": {
            "version": "4.7.3",
            "resolved": "https://registry.npmjs.org/@turf/distance/-/distance-4.7.3.tgz",
            "integrity": "sha1-tatIoJpkJwbWXDm5GUM9XSzFcbE=",
            "dev": true,
            "dependencies": {
                "@turf/helpers": "^4.7.3",
                "@turf/invariant": "^4.7.3"
            }
        },
        "node_modules/@turf/line-distance/node_modules/@turf/helpers": {
            "version": "4.7.3",
            "resolved": "https://registry.npmjs.org/@turf/helpers/-/helpers-4.7.3.tgz",
            "integrity": "sha1-vDEqxDyrPFMqSDFRxMOCxWSUKek=",
            "dev": true
        },
        "node_modules/@turf/line-distance/node_modules/@turf/invariant": {
            "version": "4.7.3",
            "resolved": "https://registry.npmjs.org/@turf/invariant/-/invariant-4.7.3.tgz",
            "integrity": "sha1-U482fSPBE/yEnXDJpSS4Vjh0YB0=",
            "dev": true
        },
        "node_modules/@turf/meta": {
            "version": "4.7.4",
            "resolved": "https://registry.npmjs.org/@turf/meta/-/meta-4.7.4.tgz",
            "integrity": "sha1-beLx6YkLj2S2aeS0fAmyCJMGOXc=",
            "dev": true
        },
        "node_modules/leaflet": {
            "version": "1.6.0",
            "resolved": "https://registry.npmjs.org/leaflet/-/leaflet-1.6.0.tgz",
            "integrity": "sha512-CPkhyqWUKZKFJ6K8umN5/D2wrJ2+/8UIpXppY7QDnUZW5bZL5+SEI2J7GBpwh4LIupOKqbNSQXgqmrEJopHVNQ==",
            "dev": true
        },
        "node_modules/leaflet-geosearch": {
            "version": "2.7.0",
            "resolved": "https://registry.npmjs.org/leaflet-geosearch/-/leaflet-geosearch-2.7.0.tgz",
            "integrity": "sha512-6rZIZ5mp9Ifp3R37DKe7ipHV6/qnUY5kP1gNDz3oMT4hp5FqKyB2V4enoTDT1iziE8yrn0hy/OP9oI4HG1dKEw==",
            "dev": true,
            "dependencies": {
                "lodash.debounce": "^4.0.8",
                "nodent-runtime": "^3.0.4"
            }
        },
        "node_modules/lil-gui": {
            "version": "0.16.1",
            "resolved": "https://registry.npmjs.org/lil-gui/-/lil-gui-0.16.1.tgz",
            "integrity": "sha512-6wnnfBvQxJYRhdLyIA+w5b8utwbuVxNmtpTXElm36OSgHa8lyKp00Xz/4AEx3kvodT0AJYgbfadCFWAM0Q8DgQ==",
            "dev": true
        },
        "node_modules/lodash.debounce": {
            "version": "4.0.8",
            "resolved": "https://registry.npmjs.org/lodash.debounce/-/lodash.debounce-4.0.8.tgz",
            "integrity": "sha1-gteb/zCmfEAF/9XiUVMArZyk168=",
            "dev": true
        },
        "node_modules/nodent-runtime": {
            "version": "3.2.1",
            "resolved": "https://registry.npmjs.org/nodent-runtime/-/nodent-runtime-3.2.1.tgz",
            "integrity": "sha512-7Ws63oC+215smeKJQCxzrK21VFVlCFBkwl0MOObt0HOpVQXs3u483sAmtkF33nNqZ5rSOQjB76fgyPBmAUrtCA==",
            "dev": true,
            "hasInstallScript": true
        },
        "node_modules/oo-gui": {
            "version": "0.1.0",
            "resolved": "https://registry.npmjs.org/oo-gui/-/oo-gui-0.1.0.tgz",
            "integrity": "sha512-3iPE6pIjesplN8lT3Fq587JoSLEb+thk99XicjrEFb7gqBWjo5jprQlDsPVCBissUdmI4sBnUpqJoslT1RBVsQ==",
            "dev": true
        }
    },
    "dependencies": {
        "@turf/circle": {
            "version": "6.0.1",
            "resolved": "https://registry.npmjs.org/@turf/circle/-/circle-6.0.1.tgz",
            "integrity": "sha512-pF9XsYtCvY9ZyNqJ3hFYem9VaiGdVNQb0SFq/zzDMwH3iWZPPJQHnnDB/3e8RD1VDtBBov9p5uO2k7otsfezjw==",
            "dev": true,
            "requires": {
                "@turf/destination": "6.x",
                "@turf/helpers": "6.x"
            }
        },
        "@turf/destination": {
            "version": "6.0.1",
            "resolved": "https://registry.npmjs.org/@turf/destination/-/destination-6.0.1.tgz",
            "integrity": "sha512-MroK4nRdp7as174miCAugp8Uvorhe6rZ7MJiC9Hb4+hZR7gNFJyVKmkdDDXIoCYs6MJQsx0buI+gsCpKwgww0Q==",
            "dev": true,
            "requires": {
                "@turf/helpers": "6.x",
                "@turf/invariant": "6.x"
            }
        },
        "@turf/distance": {
            "version": "6.0.1",
            "resolved": "https://registry.npmjs.org/@turf/distance/-/distance-6.0.1.tgz",
            "integrity": "sha512-q7t7rWIWfkg7MP1Vt4uLjSEhe5rPfCO2JjpKmk7JC+QZKEQkuvHEqy3ejW1iC7Kw5ZcZNR3qdMGGz+6HnVwqvg==",
            "dev": true,
            "requires": {
                "@turf/helpers": "6.x",
                "@turf/invariant": "6.x"
            }
        },
        "@turf/helpers": {
            "version": "6.1.4",
            "resolved": "https://registry.npmjs.org/@turf/helpers/-/helpers-6.1.4.tgz",
            "integrity": "sha512-vJvrdOZy1ngC7r3MDA7zIGSoIgyrkWcGnNIEaqn/APmw+bVLF2gAW7HIsdTxd12s5wQMqEpqIQrmrbRRZ0xC7g==",
            "dev": true
        },
        "@turf/invariant": {
            "version": "6.1.2",
            "resolved": "https://registry.npmjs.org/@turf/invariant/-/invariant-6.1.2.tgz",
            "integrity": "sha512-WU08Ph8j0J2jVGlQCKChXoCtI50BB3yEH21V++V0T4cR1T27HKCxkehV2sYMwTierfMBgjwSwDIsxnR4/2mWXg==",
            "dev": true,
            "requires": {
                "@turf/helpers": "6.x"
            }
        },
        "@turf/line-distance": {
            "version": "4.7.3",
            "resolved": "https://registry.npmjs.org/@turf/line-distance/-/line-distance-4.7.3.tgz",
            "integrity": "sha1-AKMwAOCI7l46jZK3uWuzMq83MAY=",
            "dev": true,
            "requires": {
                "@turf/distance": "^4.7.3",
                "@turf/helpers": "^4.7.3",
                "@turf/meta": "^4.7.3"
            },
            "dependencies": {
                "@turf/distance": {
                    "version": "4.7.3",
                    "resolved": "https://registry.npmjs.org/@turf/distance/-/distance-4.7.3.tgz",
                    "integrity": "sha1-tatIoJpkJwbWXDm5GUM9XSzFcbE=",
                    "dev": true,
                    "requires": {
                        "@turf/helpers": "^4.7.3",
                        "@turf/invariant": "^4.7.3"
                    }
                },
                "@turf/helpers": {
                    "version": "4.7.3",
                    "resolved": "https://registry.npmjs.org/@turf/helpers/-/helpers-4.7.3.tgz",
                    "integrity": "sha1-vDEqxDyrPFMqSDFRxMOCxWSUKek=",
                    "dev": true
                },
                "@turf/invariant": {
                    "version": "4.7.3",
                    "resolved": "https://registry.npmjs.org/@turf/invariant/-/invariant-4.7.3.tgz",
                    "integrity": "sha1-U482fSPBE/yEnXDJpSS4Vjh0YB0=",
                    "dev": true
                }
            }
        },
        "@turf/meta": {
            "version": "4.7.4",
            "resolved": "https://registry.npmjs.org/@turf/meta/-/meta-4.7.4.tgz",
            "integrity": "sha1-beLx6YkLj2S2aeS0fAmyCJMGOXc=",
            "dev": true
        },
        "leaflet": {
            "version": "1.6.0",
            "resolved": "https://registry.npmjs.org/leaflet/-/leaflet-1.6.0.tgz",
            "integrity": "sha512-CPkhyqWUKZKFJ6K8umN5/D2wrJ2+/8UIpXppY7QDnUZW5bZL5+SEI2J7GBpwh4LIupOKqbNSQXgqmrEJopHVNQ==",
            "dev": true
        },
        "leaflet-geosearch": {
            "version": "2.7.0",
            "resolved": "https://registry.npmjs.org/leaflet-geosearch/-/leaflet-geosearch-2.7.0.tgz",
            "integrity": "sha512-6rZIZ5mp9Ifp3R37DKe7ipHV6/qnUY5kP1gNDz3oMT4hp5FqKyB2V4enoTDT1iziE8yrn0hy/OP9oI4HG1dKEw==",
            "dev": true,
            "requires": {
                "lodash.debounce": "^4.0.8",
                "nodent-runtime": "^3.0.4"
            }
        },
        "lil-gui": {
            "version": "0.16.1",
            "resolved": "https://registry.npmjs.org/lil-gui/-/lil-gui-0.16.1.tgz",
            "integrity": "sha512-6wnnfBvQxJYRhdLyIA+w5b8utwbuVxNmtpTXElm36OSgHa8lyKp00Xz/4AEx3kvodT0AJYgbfadCFWAM0Q8DgQ==",
            "dev": true
        },
        "lodash.debounce": {
            "version": "4.0.8",
            "resolved": "https://registry.npmjs.org/lodash.debounce/-/lodash.debounce-4.0.8.tgz",
            "integrity": "sha1-gteb/zCmfEAF/9XiUVMArZyk168=",
            "dev": true
        },
        "nodent-runtime": {
            "version": "3.2.1",
            "resolved": "https://registry.npmjs.org/nodent-runtime/-/nodent-runtime-3.2.1.tgz",
            "integrity": "sha512-7Ws63oC+215smeKJQCxzrK21VFVlCFBkwl0MOObt0HOpVQXs3u483sAmtkF33nNqZ5rSOQjB76fgyPBmAUrtCA==",
            "dev": true
        },
        "oo-gui": {
            "version": "0.1.0",
            "resolved": "https://registry.npmjs.org/oo-gui/-/oo-gui-0.1.0.tgz",
            "integrity": "sha512-3iPE6pIjesplN8lT3Fq587JoSLEb+thk99XicjrEFb7gqBWjo5jprQlDsPVCBissUdmI4sBnUpqJoslT1RBVsQ==",
            "dev": true
        }
    }
}
